
Microsoft Visual Studio Solution File, Format Version 12.00
# Visual Studio Version 16
VisualStudioVersion = 16.0.30114.105
MinimumVisualStudioVersion = 10.0.40219.1
Project("{9A19103F-16F7-4668-BE54-9A1E7A4F7556}") = "Hotel.Shared", "Hotel.Share\Hotel.Shared.csproj", "{1D76C37C-742F-44B5-91CC-A0A55A0D21FB}"
EndProject
Project("{9A19103F-16F7-4668-BE54-9A1E7A4F7556}") = "Hotel.ConsoleApp", "Hotel.Console\Hotel.ConsoleApp.csproj", "{559E58D8-25BA-4EEE-9A82-6741A8302E11}"
EndProject
Project("{9A19103F-16F7-4668-BE54-9A1E7A4F7556}") = "Hotel.Web", "HotelMVC\Hotel.Web.csproj", "{7A34D186-0C3A-4DBA-B7CD-C7DEBAEAAE53}"
EndProject
Project("{9A19103F-16F7-4668-BE54-9A1E7A4F7556}") = "Hotel.NUnitTests", "Hotel.Web.NUnitTests\Hotel.NUnitTests.csproj", "{CD8478AA-F085-4D2C-9CC8-CE299122287E}"
EndProject
Project("{9A19103F-16F7-4668-BE54-9A1E7A4F7556}") = "Hotel.AdoDAL", "Hotel.AdoDAL\Hotel.AdoDAL.csproj", "{67159148-F254-4D85-91E5-9B81D3EF5FA8}"
EndProject
Project("{9A19103F-16F7-4668-BE54-9A1E7A4F7556}") = "Hotel.EntityFrameworkDAL", "Hotel.EntityFrameworkDAL\Hotel.EntityFrameworkDAL.csproj", "{E9358EB2-31C9-4000-A5CE-289D54C0115D}"
EndProject
Project("{9A19103F-16F7-4668-BE54-9A1E7A4F7556}") = "Hotel.BL", "Hotel.BL\Hotel.BL.csproj", "{0DF33CF6-8595-4EF7-8627-7BCCA78B3DD5}"
EndProject
Project("{9A19103F-16F7-4668-BE54-9A1E7A4F7556}") = "Hotel.AutoMapperLibrary", "AutoMapperibrary\Hotel.AutoMapperLibrary.csproj", "{C9B76CE6-A70F-4F70-91B5-4724B69C066F}"
EndProject
Project("{9A19103F-16F7-4668-BE54-9A1E7A4F7556}") = "Hotel.BL.Models", "Hotel.BL.Models\Hotel.BL.Models.csproj", "{B379F0D9-6731-4F3B-B656-60C2075F34D8}"
EndProject
Global
	GlobalSection(SolutionConfigurationPlatforms) = preSolution
		Debug|Any CPU = Debug|Any CPU
		Release|Any CPU = Release|Any CPU
	EndGlobalSection
	GlobalSection(ProjectConfigurationPlatforms) = postSolution
		{1D76C37C-742F-44B5-91CC-A0A55A0D21FB}.Debug|Any CPU.ActiveCfg = Debug|Any CPU
		{1D76C37C-742F-44B5-91CC-A0A55A0D21FB}.Debug|Any CPU.Build.0 = Debug|Any CPU
		{1D76C37C-742F-44B5-91CC-A0A55A0D21FB}.Release|Any CPU.ActiveCfg = Release|Any CPU
		{1D76C37C-742F-44B5-91CC-A0A55A0D21FB}.Release|Any CPU.Build.0 = Release|Any CPU
		{559E58D8-25BA-4EEE-9A82-6741A8302E11}.Debug|Any CPU.ActiveCfg = Debug|Any CPU
		{559E58D8-25BA-4EEE-9A82-6741A8302E11}.Debug|Any CPU.Build.0 = Debug|Any CPU
		{559E58D8-25BA-4EEE-9A82-6741A8302E11}.Release|Any CPU.ActiveCfg = Release|Any CPU
		{559E58D8-25BA-4EEE-9A82-6741A8302E11}.Release|Any CPU.Build.0 = Release|Any CPU
		{7A34D186-0C3A-4DBA-B7CD-C7DEBAEAAE53}.Debug|Any CPU.ActiveCfg = Debug|Any CPU
		{7A34D186-0C3A-4DBA-B7CD-C7DEBAEAAE53}.Debug|Any CPU.Build.0 = Debug|Any CPU
		{7A34D186-0C3A-4DBA-B7CD-C7DEBAEAAE53}.Release|Any CPU.ActiveCfg = Release|Any CPU
		{7A34D186-0C3A-4DBA-B7CD-C7DEBAEAAE53}.Release|Any CPU.Build.0 = Release|Any CPU
		{CD8478AA-F085-4D2C-9CC8-CE299122287E}.Debug|Any CPU.ActiveCfg = Debug|Any CPU
		{CD8478AA-F085-4D2C-9CC8-CE299122287E}.Debug|Any CPU.Build.0 = Debug|Any CPU
		{CD8478AA-F085-4D2C-9CC8-CE299122287E}.Release|Any CPU.ActiveCfg = Release|Any CPU
		{CD8478AA-F085-4D2C-9CC8-CE299122287E}.Release|Any CPU.Build.0 = Release|Any CPU
		{67159148-F254-4D85-91E5-9B81D3EF5FA8}.Debug|Any CPU.ActiveCfg = Debug|Any CPU
		{67159148-F254-4D85-91E5-9B81D3EF5FA8}.Debug|Any CPU.Build.0 = Debug|Any CPU
		{67159148-F254-4D85-91E5-9B81D3EF5FA8}.Release|Any CPU.ActiveCfg = Release|Any CPU
		{67159148-F254-4D85-91E5-9B81D3EF5FA8}.Release|Any CPU.Build.0 = Release|Any CPU
		{E9358EB2-31C9-4000-A5CE-289D54C0115D}.Debug|Any CPU.ActiveCfg = Debug|Any CPU
		{E9358EB2-31C9-4000-A5CE-289D54C0115D}.Debug|Any CPU.Build.0 = Debug|Any CPU
		{E9358EB2-31C9-4000-A5CE-289D54C0115D}.Release|Any CPU.ActiveCfg = Release|Any CPU
		{E9358EB2-31C9-4000-A5CE-289D54C0115D}.Release|Any CPU.Build.0 = Release|Any CPU
		{0DF33CF6-8595-4EF7-8627-7BCCA78B3DD5}.Debug|Any CPU.ActiveCfg = Debug|Any CPU
		{0DF33CF6-8595-4EF7-8627-7BCCA78B3DD5}.Debug|Any CPU.Build.0 = Debug|Any CPU
		{0DF33CF6-8595-4EF7-8627-7BCCA78B3DD5}.Release|Any CPU.ActiveCfg = Release|Any CPU
		{0DF33CF6-8595-4EF7-8627-7BCCA78B3DD5}.Release|Any CPU.Build.0 = Release|Any CPU
		{C9B76CE6-A70F-4F70-91B5-4724B69C066F}.Debug|Any CPU.ActiveCfg = Debug|Any CPU
		{C9B76CE6-A70F-4F70-91B5-4724B69C066F}.Debug|Any CPU.Build.0 = Debug|Any CPU
		{C9B76CE6-A70F-4F70-91B5-4724B69C066F}.Release|Any CPU.ActiveCfg = Release|Any CPU
		{C9B76CE6-A70F-4F70-91B5-4724B69C066F}.Release|Any CPU.Build.0 = Release|Any CPU
		{B379F0D9-6731-4F3B-B656-60C2075F34D8}.Debug|Any CPU.ActiveCfg = Debug|Any CPU
		{B379F0D9-6731-4F3B-B656-60C2075F34D8}.Debug|Any CPU.Build.0 = Debug|Any CPU
		{B379F0D9-6731-4F3B-B656-60C2075F34D8}.Release|Any CPU.ActiveCfg = Release|Any CPU
		{B379F0D9-6731-4F3B-B656-60C2075F34D8}.Release|Any CPU.Build.0 = Release|Any CPU
	EndGlobalSection
	GlobalSection(SolutionProperties) = preSolution
		HideSolutionNode = FALSE
	EndGlobalSection
	GlobalSection(ExtensibilityGlobals) = postSolution
		SolutionGuid = {54D429C0-C83D-4E6F-AF26-FF8B2F5A52B6}
	EndGlobalSection
EndGlobal
